
Microsoft Visual Studio Solution File, Format Version 12.00
# Visual Studio Version 17
VisualStudioVersion = 17.8.34525.116
MinimumVisualStudioVersion = 10.0.40219.1
Project("{FAE04EC0-301F-11D3-BF4B-00C04F79EFBC}") = "27_Remove_Element", "27_Remove_Element\27_Remove_Element.csproj", "{6BB2FD68-FB6A-4573-9FF3-1FA48E00360B}"
EndProject
Project("{FAE04EC0-301F-11D3-BF4B-00C04F79EFBC}") = "88_merge_Sorted_Array", "88_merge_Sorted_Array\88_merge_Sorted_Array.csproj", "{E7321541-17A4-4F5E-86F1-BA64739E4BCF}"
EndProject
Project("{2150E333-8FDC-42A3-9474-1A3956D46DE8}") = "TopInterview150", "TopInterview150", "{46EEABBC-A2F7-41A2-B48E-C98231972D6D}"
EndProject
Global
	GlobalSection(SolutionConfigurationPlatforms) = preSolution
		Debug|Any CPU = Debug|Any CPU
		Release|Any CPU = Release|Any CPU
	EndGlobalSection
	GlobalSection(ProjectConfigurationPlatforms) = postSolution
		{6BB2FD68-FB6A-4573-9FF3-1FA48E00360B}.Debug|Any CPU.ActiveCfg = Debug|Any CPU
		{6BB2FD68-FB6A-4573-9FF3-1FA48E00360B}.Debug|Any CPU.Build.0 = Debug|Any CPU
		{6BB2FD68-FB6A-4573-9FF3-1FA48E00360B}.Release|Any CPU.ActiveCfg = Release|Any CPU
		{6BB2FD68-FB6A-4573-9FF3-1FA48E00360B}.Release|Any CPU.Build.0 = Release|Any CPU
		{E7321541-17A4-4F5E-86F1-BA64739E4BCF}.Debug|Any CPU.ActiveCfg = Debug|Any CPU
		{E7321541-17A4-4F5E-86F1-BA64739E4BCF}.Debug|Any CPU.Build.0 = Debug|Any CPU
		{E7321541-17A4-4F5E-86F1-BA64739E4BCF}.Release|Any CPU.ActiveCfg = Release|Any CPU
		{E7321541-17A4-4F5E-86F1-BA64739E4BCF}.Release|Any CPU.Build.0 = Release|Any CPU
	EndGlobalSection
	GlobalSection(SolutionProperties) = preSolution
		HideSolutionNode = FALSE
	EndGlobalSection
	GlobalSection(NestedProjects) = preSolution
		{6BB2FD68-FB6A-4573-9FF3-1FA48E00360B} = {46EEABBC-A2F7-41A2-B48E-C98231972D6D}
		{E7321541-17A4-4F5E-86F1-BA64739E4BCF} = {46EEABBC-A2F7-41A2-B48E-C98231972D6D}
	EndGlobalSection
	GlobalSection(ExtensibilityGlobals) = postSolution
		SolutionGuid = {53BD87AA-5BB1-46FF-B511-D4AB3304C02A}
	EndGlobalSection
EndGlobal
