
Microsoft Visual Studio Solution File, Format Version 12.00
# Visual Studio Version 17
VisualStudioVersion = 17.8.34525.116
MinimumVisualStudioVersion = 10.0.40219.1
Project("{2150E333-8FDC-42A3-9474-1A3956D46DE8}") = "TopInterview150", "TopInterview150", "{2E76A975-96E7-41F8-8DBD-960D6F8C7BB5}"
EndProject
Project("{FAE04EC0-301F-11D3-BF4B-00C04F79EFBC}") = "001_Two_Sum", "TopInterview150\001_Two_Sum\001_Two_Sum.csproj", "{BBA187B9-F73F-45AC-BAA5-C9208C9B67C1}"
EndProject
Project("{FAE04EC0-301F-11D3-BF4B-00C04F79EFBC}") = "013_RomanToInteger", "TopInterview150\013_RomanToInteger\013_RomanToInteger.csproj", "{7AE8DDF6-A2AC-4C71-83CC-6E68971E2D44}"
EndProject
Project("{FAE04EC0-301F-11D3-BF4B-00C04F79EFBC}") = "121_BestTimeToBuyAndSellStock", "TopInterview150\121_BestTimeToBuyAndSellStock\121_BestTimeToBuyAndSellStock.csproj", "{58236C5B-DBCF-4DB5-8E59-A99082FB5DB9}"
EndProject
Project("{FAE04EC0-301F-11D3-BF4B-00C04F79EFBC}") = "014_LongestCommonPrefix", "TopInterview150\014_LongestCommonPrefix\014_LongestCommonPrefix.csproj", "{958289D8-8AC0-4C43-81F2-C07F738A9F29}"
EndProject
Project("{FAE04EC0-301F-11D3-BF4B-00C04F79EFBC}") = "169_MajorityElement", "TopInterview150\169_MajorityElement\169_MajorityElement.csproj", "{5E23BA3D-DA13-40B7-97CD-4D94B6CD1D89}"
EndProject
Project("{FAE04EC0-301F-11D3-BF4B-00C04F79EFBC}") = "027_RemoveElement", "TopInterview150\027_RemoveElement\027_RemoveElement.csproj", "{29395A71-1526-479F-B4D2-FFABD375584A}"
EndProject
Project("{FAE04EC0-301F-11D3-BF4B-00C04F79EFBC}") = "125_ValidPalindrome", "TopInterview150\125_ValidPalindrome\125_ValidPalindrome.csproj", "{11CEBB2B-F778-478E-9947-134406BFD12D}"
EndProject
Project("{FAE04EC0-301F-11D3-BF4B-00C04F79EFBC}") = "026_RemoveDuplicatesFromSortedArray", "TopInterview150\026_RemoveDuplicatesFromSortedArray\026_RemoveDuplicatesFromSortedArray.csproj", "{973A16A0-4325-4FEA-A515-CCEB56E4CD56}"
EndProject
Project("{FAE04EC0-301F-11D3-BF4B-00C04F79EFBC}") = "028_FindIndexOfTheFirstOccurence", "TopInterview150\028_FindIndexOfTheFirstOccurence\028_FindIndexOfTheFirstOccurence.csproj", "{3B6B0A6B-4203-4BE0-BEA6-02E861636825}"
EndProject
Project("{FAE04EC0-301F-11D3-BF4B-00C04F79EFBC}") = "058_LenghtOfLastWord", "TopInterview150\058_LenghtOfLastWord\058_LenghtOfLastWord.csproj", "{D6926452-E4BC-49CC-B37E-F64F828D6374}"
EndProject
Project("{FAE04EC0-301F-11D3-BF4B-00C04F79EFBC}") = "088_MergeSortedArray", "TopInterview150\088_MergeSortedArray\088_MergeSortedArray.csproj", "{47548FD3-F0E7-4DB5-8957-5DCF8B16CB3F}"
EndProject
Project("{FAE04EC0-301F-11D3-BF4B-00C04F79EFBC}") = "219_ContainsDuplicateII", "TopInterview150\219_ContainsDuplicateII\219_ContainsDuplicateII.csproj", "{74DCB19A-98D7-41AD-8D63-38F029037E76}"
EndProject
Project("{FAE04EC0-301F-11D3-BF4B-00C04F79EFBC}") = "242_ValidAnagram", "TopInterview150\242_ValidAnagram\242_ValidAnagram.csproj", "{159CDA0F-1A9F-48B5-BF24-39A6CCE11751}"
EndProject
Project("{FAE04EC0-301F-11D3-BF4B-00C04F79EFBC}") = "290_WordPattern", "TopInterview150\290_WordPattern\290_WordPattern.csproj", "{48C283DB-74F9-4742-858E-0E2477322C69}"
EndProject
Project("{FAE04EC0-301F-11D3-BF4B-00C04F79EFBC}") = "383_RansomNote", "TopInterview150\383_RansomNote\383_RansomNote.csproj", "{0FE4D271-B8BC-461E-82DD-D24B4F5A1274}"
EndProject
Project("{FAE04EC0-301F-11D3-BF4B-00C04F79EFBC}") = "392_IsSubsequence", "TopInterview150\392_IsSubsequence\392_IsSubsequence.csproj", "{57E60B12-2165-4376-849F-36A8AD4AC8B2}"
EndProject
Project("{FAE04EC0-301F-11D3-BF4B-00C04F79EFBC}") = "205_IsomorphicStrings", "TopInterview150\205_IsomorphicStrings\205_IsomorphicStrings.csproj", "{00252512-9182-4359-B0E5-C88D74C05516}"
EndProject
Project("{FAE04EC0-301F-11D3-BF4B-00C04F79EFBC}") = "202_HappyNumber", "TopInterview150\202_HappyNumber\202_HappyNumber.csproj", "{EB6A1B6D-AA8C-4334-84CB-97A02F7326B6}"
EndProject
Project("{FAE04EC0-301F-11D3-BF4B-00C04F79EFBC}") = "049_GroupAnagrams", "TopInterview150\049_GroupAnagrams\049_GroupAnagrams.csproj", "{8FFCD9C6-43A2-4795-922C-D789CF1CEE7C}"
EndProject
Project("{FAE04EC0-301F-11D3-BF4B-00C04F79EFBC}") = "128_LongestConsecutiveSequence", "TopInterview150\128_LongestConsecutiveSequence\128_LongestConsecutiveSequence.csproj", "{BCAFECCC-B377-434D-B38A-611F0460DE99}"
EndProject
Project("{FAE04EC0-301F-11D3-BF4B-00C04F79EFBC}") = "080_RemoveDuplicatFromSorteedArray", "TopInterview150\080_RemoveDuplicatFromSorteedArray\080_RemoveDuplicatFromSorteedArray.csproj", "{79B44647-EE58-4CE9-BE3F-860474E4761C}"
EndProject
Project("{FAE04EC0-301F-11D3-BF4B-00C04F79EFBC}") = "189_RotateArray", "TopInterview150\189_RotateArray\189_RotateArray.csproj", "{E8F1494B-F748-4983-9701-B6AA2510AE50}"
EndProject
Project("{FAE04EC0-301F-11D3-BF4B-00C04F79EFBC}") = "122_BestimeToBuyAndSellStockII", "TopInterview150\122_BestimeToBuyAndSellStockII\122_BestimeToBuyAndSellStockII.csproj", "{3D72A749-3E8E-4B12-A0BE-19A32D7989F6}"
EndProject
Project("{FAE04EC0-301F-11D3-BF4B-00C04F79EFBC}") = "055_JumpGame", "TopInterview150\055_JumpGame\055_JumpGame.csproj", "{30664F2B-E7CB-4299-A097-F7249A63D38C}"
EndProject
Project("{9A19103F-16F7-4668-BE54-9A1E7A4F7556}") = "045_Jump_Game_II", "TopInterview150\045_Jump_Game_II\045_Jump_Game_II.csproj", "{28C8B070-026F-438A-B062-FC26F3F0B8B7}"
EndProject
Global
	GlobalSection(SolutionConfigurationPlatforms) = preSolution
		Debug|Any CPU = Debug|Any CPU
		Release|Any CPU = Release|Any CPU
	EndGlobalSection
	GlobalSection(ProjectConfigurationPlatforms) = postSolution
		{BBA187B9-F73F-45AC-BAA5-C9208C9B67C1}.Debug|Any CPU.ActiveCfg = Debug|Any CPU
		{BBA187B9-F73F-45AC-BAA5-C9208C9B67C1}.Debug|Any CPU.Build.0 = Debug|Any CPU
		{BBA187B9-F73F-45AC-BAA5-C9208C9B67C1}.Release|Any CPU.ActiveCfg = Release|Any CPU
		{BBA187B9-F73F-45AC-BAA5-C9208C9B67C1}.Release|Any CPU.Build.0 = Release|Any CPU
		{7AE8DDF6-A2AC-4C71-83CC-6E68971E2D44}.Debug|Any CPU.ActiveCfg = Debug|Any CPU
		{7AE8DDF6-A2AC-4C71-83CC-6E68971E2D44}.Debug|Any CPU.Build.0 = Debug|Any CPU
		{7AE8DDF6-A2AC-4C71-83CC-6E68971E2D44}.Release|Any CPU.ActiveCfg = Release|Any CPU
		{7AE8DDF6-A2AC-4C71-83CC-6E68971E2D44}.Release|Any CPU.Build.0 = Release|Any CPU
		{58236C5B-DBCF-4DB5-8E59-A99082FB5DB9}.Debug|Any CPU.ActiveCfg = Debug|Any CPU
		{58236C5B-DBCF-4DB5-8E59-A99082FB5DB9}.Debug|Any CPU.Build.0 = Debug|Any CPU
		{58236C5B-DBCF-4DB5-8E59-A99082FB5DB9}.Release|Any CPU.ActiveCfg = Release|Any CPU
		{58236C5B-DBCF-4DB5-8E59-A99082FB5DB9}.Release|Any CPU.Build.0 = Release|Any CPU
		{958289D8-8AC0-4C43-81F2-C07F738A9F29}.Debug|Any CPU.ActiveCfg = Debug|Any CPU
		{958289D8-8AC0-4C43-81F2-C07F738A9F29}.Debug|Any CPU.Build.0 = Debug|Any CPU
		{958289D8-8AC0-4C43-81F2-C07F738A9F29}.Release|Any CPU.ActiveCfg = Release|Any CPU
		{958289D8-8AC0-4C43-81F2-C07F738A9F29}.Release|Any CPU.Build.0 = Release|Any CPU
		{5E23BA3D-DA13-40B7-97CD-4D94B6CD1D89}.Debug|Any CPU.ActiveCfg = Debug|Any CPU
		{5E23BA3D-DA13-40B7-97CD-4D94B6CD1D89}.Debug|Any CPU.Build.0 = Debug|Any CPU
		{5E23BA3D-DA13-40B7-97CD-4D94B6CD1D89}.Release|Any CPU.ActiveCfg = Release|Any CPU
		{5E23BA3D-DA13-40B7-97CD-4D94B6CD1D89}.Release|Any CPU.Build.0 = Release|Any CPU
		{29395A71-1526-479F-B4D2-FFABD375584A}.Debug|Any CPU.ActiveCfg = Debug|Any CPU
		{29395A71-1526-479F-B4D2-FFABD375584A}.Debug|Any CPU.Build.0 = Debug|Any CPU
		{29395A71-1526-479F-B4D2-FFABD375584A}.Release|Any CPU.ActiveCfg = Release|Any CPU
		{29395A71-1526-479F-B4D2-FFABD375584A}.Release|Any CPU.Build.0 = Release|Any CPU
		{11CEBB2B-F778-478E-9947-134406BFD12D}.Debug|Any CPU.ActiveCfg = Debug|Any CPU
		{11CEBB2B-F778-478E-9947-134406BFD12D}.Debug|Any CPU.Build.0 = Debug|Any CPU
		{11CEBB2B-F778-478E-9947-134406BFD12D}.Release|Any CPU.ActiveCfg = Release|Any CPU
		{11CEBB2B-F778-478E-9947-134406BFD12D}.Release|Any CPU.Build.0 = Release|Any CPU
		{973A16A0-4325-4FEA-A515-CCEB56E4CD56}.Debug|Any CPU.ActiveCfg = Debug|Any CPU
		{973A16A0-4325-4FEA-A515-CCEB56E4CD56}.Debug|Any CPU.Build.0 = Debug|Any CPU
		{973A16A0-4325-4FEA-A515-CCEB56E4CD56}.Release|Any CPU.ActiveCfg = Release|Any CPU
		{973A16A0-4325-4FEA-A515-CCEB56E4CD56}.Release|Any CPU.Build.0 = Release|Any CPU
		{3B6B0A6B-4203-4BE0-BEA6-02E861636825}.Debug|Any CPU.ActiveCfg = Debug|Any CPU
		{3B6B0A6B-4203-4BE0-BEA6-02E861636825}.Debug|Any CPU.Build.0 = Debug|Any CPU
		{3B6B0A6B-4203-4BE0-BEA6-02E861636825}.Release|Any CPU.ActiveCfg = Release|Any CPU
		{3B6B0A6B-4203-4BE0-BEA6-02E861636825}.Release|Any CPU.Build.0 = Release|Any CPU
		{D6926452-E4BC-49CC-B37E-F64F828D6374}.Debug|Any CPU.ActiveCfg = Debug|Any CPU
		{D6926452-E4BC-49CC-B37E-F64F828D6374}.Debug|Any CPU.Build.0 = Debug|Any CPU
		{D6926452-E4BC-49CC-B37E-F64F828D6374}.Release|Any CPU.ActiveCfg = Release|Any CPU
		{D6926452-E4BC-49CC-B37E-F64F828D6374}.Release|Any CPU.Build.0 = Release|Any CPU
		{47548FD3-F0E7-4DB5-8957-5DCF8B16CB3F}.Debug|Any CPU.ActiveCfg = Debug|Any CPU
		{47548FD3-F0E7-4DB5-8957-5DCF8B16CB3F}.Debug|Any CPU.Build.0 = Debug|Any CPU
		{47548FD3-F0E7-4DB5-8957-5DCF8B16CB3F}.Release|Any CPU.ActiveCfg = Release|Any CPU
		{47548FD3-F0E7-4DB5-8957-5DCF8B16CB3F}.Release|Any CPU.Build.0 = Release|Any CPU
		{74DCB19A-98D7-41AD-8D63-38F029037E76}.Debug|Any CPU.ActiveCfg = Debug|Any CPU
		{74DCB19A-98D7-41AD-8D63-38F029037E76}.Debug|Any CPU.Build.0 = Debug|Any CPU
		{74DCB19A-98D7-41AD-8D63-38F029037E76}.Release|Any CPU.ActiveCfg = Release|Any CPU
		{74DCB19A-98D7-41AD-8D63-38F029037E76}.Release|Any CPU.Build.0 = Release|Any CPU
		{159CDA0F-1A9F-48B5-BF24-39A6CCE11751}.Debug|Any CPU.ActiveCfg = Debug|Any CPU
		{159CDA0F-1A9F-48B5-BF24-39A6CCE11751}.Debug|Any CPU.Build.0 = Debug|Any CPU
		{159CDA0F-1A9F-48B5-BF24-39A6CCE11751}.Release|Any CPU.ActiveCfg = Release|Any CPU
		{159CDA0F-1A9F-48B5-BF24-39A6CCE11751}.Release|Any CPU.Build.0 = Release|Any CPU
		{48C283DB-74F9-4742-858E-0E2477322C69}.Debug|Any CPU.ActiveCfg = Debug|Any CPU
		{48C283DB-74F9-4742-858E-0E2477322C69}.Debug|Any CPU.Build.0 = Debug|Any CPU
		{48C283DB-74F9-4742-858E-0E2477322C69}.Release|Any CPU.ActiveCfg = Release|Any CPU
		{48C283DB-74F9-4742-858E-0E2477322C69}.Release|Any CPU.Build.0 = Release|Any CPU
		{0FE4D271-B8BC-461E-82DD-D24B4F5A1274}.Debug|Any CPU.ActiveCfg = Debug|Any CPU
		{0FE4D271-B8BC-461E-82DD-D24B4F5A1274}.Debug|Any CPU.Build.0 = Debug|Any CPU
		{0FE4D271-B8BC-461E-82DD-D24B4F5A1274}.Release|Any CPU.ActiveCfg = Release|Any CPU
		{0FE4D271-B8BC-461E-82DD-D24B4F5A1274}.Release|Any CPU.Build.0 = Release|Any CPU
		{57E60B12-2165-4376-849F-36A8AD4AC8B2}.Debug|Any CPU.ActiveCfg = Debug|Any CPU
		{57E60B12-2165-4376-849F-36A8AD4AC8B2}.Debug|Any CPU.Build.0 = Debug|Any CPU
		{57E60B12-2165-4376-849F-36A8AD4AC8B2}.Release|Any CPU.ActiveCfg = Release|Any CPU
		{57E60B12-2165-4376-849F-36A8AD4AC8B2}.Release|Any CPU.Build.0 = Release|Any CPU
		{00252512-9182-4359-B0E5-C88D74C05516}.Debug|Any CPU.ActiveCfg = Debug|Any CPU
		{00252512-9182-4359-B0E5-C88D74C05516}.Debug|Any CPU.Build.0 = Debug|Any CPU
		{00252512-9182-4359-B0E5-C88D74C05516}.Release|Any CPU.ActiveCfg = Release|Any CPU
		{00252512-9182-4359-B0E5-C88D74C05516}.Release|Any CPU.Build.0 = Release|Any CPU
		{EB6A1B6D-AA8C-4334-84CB-97A02F7326B6}.Debug|Any CPU.ActiveCfg = Debug|Any CPU
		{EB6A1B6D-AA8C-4334-84CB-97A02F7326B6}.Debug|Any CPU.Build.0 = Debug|Any CPU
		{EB6A1B6D-AA8C-4334-84CB-97A02F7326B6}.Release|Any CPU.ActiveCfg = Release|Any CPU
		{EB6A1B6D-AA8C-4334-84CB-97A02F7326B6}.Release|Any CPU.Build.0 = Release|Any CPU
		{8FFCD9C6-43A2-4795-922C-D789CF1CEE7C}.Debug|Any CPU.ActiveCfg = Debug|Any CPU
		{8FFCD9C6-43A2-4795-922C-D789CF1CEE7C}.Debug|Any CPU.Build.0 = Debug|Any CPU
		{8FFCD9C6-43A2-4795-922C-D789CF1CEE7C}.Release|Any CPU.ActiveCfg = Release|Any CPU
		{8FFCD9C6-43A2-4795-922C-D789CF1CEE7C}.Release|Any CPU.Build.0 = Release|Any CPU
		{BCAFECCC-B377-434D-B38A-611F0460DE99}.Debug|Any CPU.ActiveCfg = Debug|Any CPU
		{BCAFECCC-B377-434D-B38A-611F0460DE99}.Debug|Any CPU.Build.0 = Debug|Any CPU
		{BCAFECCC-B377-434D-B38A-611F0460DE99}.Release|Any CPU.ActiveCfg = Release|Any CPU
		{BCAFECCC-B377-434D-B38A-611F0460DE99}.Release|Any CPU.Build.0 = Release|Any CPU
		{79B44647-EE58-4CE9-BE3F-860474E4761C}.Debug|Any CPU.ActiveCfg = Debug|Any CPU
		{79B44647-EE58-4CE9-BE3F-860474E4761C}.Debug|Any CPU.Build.0 = Debug|Any CPU
		{79B44647-EE58-4CE9-BE3F-860474E4761C}.Release|Any CPU.ActiveCfg = Release|Any CPU
		{79B44647-EE58-4CE9-BE3F-860474E4761C}.Release|Any CPU.Build.0 = Release|Any CPU
		{E8F1494B-F748-4983-9701-B6AA2510AE50}.Debug|Any CPU.ActiveCfg = Debug|Any CPU
		{E8F1494B-F748-4983-9701-B6AA2510AE50}.Debug|Any CPU.Build.0 = Debug|Any CPU
		{E8F1494B-F748-4983-9701-B6AA2510AE50}.Release|Any CPU.ActiveCfg = Release|Any CPU
		{E8F1494B-F748-4983-9701-B6AA2510AE50}.Release|Any CPU.Build.0 = Release|Any CPU
		{3D72A749-3E8E-4B12-A0BE-19A32D7989F6}.Debug|Any CPU.ActiveCfg = Debug|Any CPU
		{3D72A749-3E8E-4B12-A0BE-19A32D7989F6}.Debug|Any CPU.Build.0 = Debug|Any CPU
		{3D72A749-3E8E-4B12-A0BE-19A32D7989F6}.Release|Any CPU.ActiveCfg = Release|Any CPU
		{3D72A749-3E8E-4B12-A0BE-19A32D7989F6}.Release|Any CPU.Build.0 = Release|Any CPU
		{30664F2B-E7CB-4299-A097-F7249A63D38C}.Debug|Any CPU.ActiveCfg = Debug|Any CPU
		{30664F2B-E7CB-4299-A097-F7249A63D38C}.Debug|Any CPU.Build.0 = Debug|Any CPU
		{30664F2B-E7CB-4299-A097-F7249A63D38C}.Release|Any CPU.ActiveCfg = Release|Any CPU
		{30664F2B-E7CB-4299-A097-F7249A63D38C}.Release|Any CPU.Build.0 = Release|Any CPU
		{28C8B070-026F-438A-B062-FC26F3F0B8B7}.Debug|Any CPU.ActiveCfg = Debug|Any CPU
		{28C8B070-026F-438A-B062-FC26F3F0B8B7}.Debug|Any CPU.Build.0 = Debug|Any CPU
		{28C8B070-026F-438A-B062-FC26F3F0B8B7}.Release|Any CPU.ActiveCfg = Release|Any CPU
		{28C8B070-026F-438A-B062-FC26F3F0B8B7}.Release|Any CPU.Build.0 = Release|Any CPU
	EndGlobalSection
	GlobalSection(SolutionProperties) = preSolution
		HideSolutionNode = FALSE
	EndGlobalSection
	GlobalSection(NestedProjects) = preSolution
		{BBA187B9-F73F-45AC-BAA5-C9208C9B67C1} = {2E76A975-96E7-41F8-8DBD-960D6F8C7BB5}
		{7AE8DDF6-A2AC-4C71-83CC-6E68971E2D44} = {2E76A975-96E7-41F8-8DBD-960D6F8C7BB5}
		{58236C5B-DBCF-4DB5-8E59-A99082FB5DB9} = {2E76A975-96E7-41F8-8DBD-960D6F8C7BB5}
		{958289D8-8AC0-4C43-81F2-C07F738A9F29} = {2E76A975-96E7-41F8-8DBD-960D6F8C7BB5}
		{5E23BA3D-DA13-40B7-97CD-4D94B6CD1D89} = {2E76A975-96E7-41F8-8DBD-960D6F8C7BB5}
		{29395A71-1526-479F-B4D2-FFABD375584A} = {2E76A975-96E7-41F8-8DBD-960D6F8C7BB5}
		{11CEBB2B-F778-478E-9947-134406BFD12D} = {2E76A975-96E7-41F8-8DBD-960D6F8C7BB5}
		{973A16A0-4325-4FEA-A515-CCEB56E4CD56} = {2E76A975-96E7-41F8-8DBD-960D6F8C7BB5}
		{3B6B0A6B-4203-4BE0-BEA6-02E861636825} = {2E76A975-96E7-41F8-8DBD-960D6F8C7BB5}
		{D6926452-E4BC-49CC-B37E-F64F828D6374} = {2E76A975-96E7-41F8-8DBD-960D6F8C7BB5}
		{47548FD3-F0E7-4DB5-8957-5DCF8B16CB3F} = {2E76A975-96E7-41F8-8DBD-960D6F8C7BB5}
		{74DCB19A-98D7-41AD-8D63-38F029037E76} = {2E76A975-96E7-41F8-8DBD-960D6F8C7BB5}
		{159CDA0F-1A9F-48B5-BF24-39A6CCE11751} = {2E76A975-96E7-41F8-8DBD-960D6F8C7BB5}
		{48C283DB-74F9-4742-858E-0E2477322C69} = {2E76A975-96E7-41F8-8DBD-960D6F8C7BB5}
		{0FE4D271-B8BC-461E-82DD-D24B4F5A1274} = {2E76A975-96E7-41F8-8DBD-960D6F8C7BB5}
		{57E60B12-2165-4376-849F-36A8AD4AC8B2} = {2E76A975-96E7-41F8-8DBD-960D6F8C7BB5}
		{00252512-9182-4359-B0E5-C88D74C05516} = {2E76A975-96E7-41F8-8DBD-960D6F8C7BB5}
		{EB6A1B6D-AA8C-4334-84CB-97A02F7326B6} = {2E76A975-96E7-41F8-8DBD-960D6F8C7BB5}
		{8FFCD9C6-43A2-4795-922C-D789CF1CEE7C} = {2E76A975-96E7-41F8-8DBD-960D6F8C7BB5}
		{BCAFECCC-B377-434D-B38A-611F0460DE99} = {2E76A975-96E7-41F8-8DBD-960D6F8C7BB5}
		{79B44647-EE58-4CE9-BE3F-860474E4761C} = {2E76A975-96E7-41F8-8DBD-960D6F8C7BB5}
		{E8F1494B-F748-4983-9701-B6AA2510AE50} = {2E76A975-96E7-41F8-8DBD-960D6F8C7BB5}
		{3D72A749-3E8E-4B12-A0BE-19A32D7989F6} = {2E76A975-96E7-41F8-8DBD-960D6F8C7BB5}
		{30664F2B-E7CB-4299-A097-F7249A63D38C} = {2E76A975-96E7-41F8-8DBD-960D6F8C7BB5}
		{28C8B070-026F-438A-B062-FC26F3F0B8B7} = {2E76A975-96E7-41F8-8DBD-960D6F8C7BB5}
	EndGlobalSection
	GlobalSection(ExtensibilityGlobals) = postSolution
		SolutionGuid = {53BD87AA-5BB1-46FF-B511-D4AB3304C02A}
	EndGlobalSection
EndGlobal
