
Microsoft Visual Studio Solution File, Format Version 12.00
# Visual Studio Version 17
VisualStudioVersion = 17.8.34525.116
MinimumVisualStudioVersion = 10.0.40219.1
Project("{FAE04EC0-301F-11D3-BF4B-00C04F79EFBC}") = "27_Remove_Element", "27_Remove_Element\27_Remove_Element.csproj", "{6BB2FD68-FB6A-4573-9FF3-1FA48E00360B}"
EndProject
Project("{FAE04EC0-301F-11D3-BF4B-00C04F79EFBC}") = "88_merge_Sorted_Array", "88_merge_Sorted_Array\88_merge_Sorted_Array.csproj", "{E7321541-17A4-4F5E-86F1-BA64739E4BCF}"
EndProject
Project("{2150E333-8FDC-42A3-9474-1A3956D46DE8}") = "TopInterview150", "TopInterview150", "{46EEABBC-A2F7-41A2-B48E-C98231972D6D}"
EndProject
Project("{FAE04EC0-301F-11D3-BF4B-00C04F79EFBC}") = "26_remove_duplicates_from_Sorted_array", "26_remove_duplicates_from_Sorted_array\26_remove_duplicates_from_Sorted_array.csproj", "{C8D584DA-CB0A-477D-BE64-4C009FC5AFBD}"
EndProject
Project("{FAE04EC0-301F-11D3-BF4B-00C04F79EFBC}") = "169_Majority_Element", "169_Majority_Element\169_Majority_Element.csproj", "{9803AEF6-3855-4096-966D-EE0A3885BD2F}"
EndProject
Project("{FAE04EC0-301F-11D3-BF4B-00C04F79EFBC}") = "121_BestTime_to_BuyAndSell_Stock", "121_BestTime_to_BuyAndSell_Stock\121_BestTime_to_BuyAndSell_Stock.csproj", "{E1EC995F-1068-46EE-B886-0F69032ED3BA}"
EndProject
Project("{FAE04EC0-301F-11D3-BF4B-00C04F79EFBC}") = "13_RomanToInteger", "13_RomanToInteger\13_RomanToInteger.csproj", "{DD2F38B0-A13D-4F9E-B5F8-66D2527FC87D}"
EndProject
Project("{FAE04EC0-301F-11D3-BF4B-00C04F79EFBC}") = "58_Lenght_Of_Last_Word", "58_Lenght_Of_Last_Word\58_Lenght_Of_Last_Word.csproj", "{9F1B487A-C523-447A-B443-80B8111ADD0D}"
EndProject
Project("{FAE04EC0-301F-11D3-BF4B-00C04F79EFBC}") = "14_Longest_Common_Prefix", "14_Longest_Common_Prefix\14_Longest_Common_Prefix.csproj", "{106D6E0F-2423-4CDE-AAE2-E9554D2440DA}"
EndProject
Project("{FAE04EC0-301F-11D3-BF4B-00C04F79EFBC}") = "28_Find_IndexOfThe_FirstOccurence", "28_Find_IndexOfThe_FirstOccurence\28_Find_IndexOfThe_FirstOccurence.csproj", "{7A8CB6F6-B47E-4824-9081-29E369585865}"
EndProject
Project("{FAE04EC0-301F-11D3-BF4B-00C04F79EFBC}") = "125_Valid_Palindrome", "125_Valid_Palindrome\125_Valid_Palindrome.csproj", "{0A860315-2A75-435B-9308-685BDEE6AC6A}"
EndProject
Project("{FAE04EC0-301F-11D3-BF4B-00C04F79EFBC}") = "392_Is_Subsequence", "392_Is_Subsequence\392_Is_Subsequence.csproj", "{A409123F-31B6-465E-BB38-FCC4053F2137}"
EndProject
Project("{FAE04EC0-301F-11D3-BF4B-00C04F79EFBC}") = "383_Ransom_Note", "383_Ransom_Note\383_Ransom_Note.csproj", "{FFBEA142-385A-4036-828F-41D34E6E9A08}"
EndProject
Project("{FAE04EC0-301F-11D3-BF4B-00C04F79EFBC}") = "205_Isomorphic Strings", "205_Isomorphic Strings\205_Isomorphic Strings.csproj", "{C168310D-D90F-4D41-A9BF-22075EA7ED13}"
EndProject
Project("{FAE04EC0-301F-11D3-BF4B-00C04F79EFBC}") = "290_Word_Pattern", "290_Word_Pattern\290_Word_Pattern.csproj", "{74E8F0CD-9EFC-43FE-95F3-2D960587F3F2}"
EndProject
Project("{FAE04EC0-301F-11D3-BF4B-00C04F79EFBC}") = "242_Valid_Anagram", "242_Valid_Anagram\242_Valid_Anagram.csproj", "{A3A92BD4-4485-42E2-9D58-EB51E872A1DB}"
EndProject
Global
	GlobalSection(SolutionConfigurationPlatforms) = preSolution
		Debug|Any CPU = Debug|Any CPU
		Release|Any CPU = Release|Any CPU
	EndGlobalSection
	GlobalSection(ProjectConfigurationPlatforms) = postSolution
		{6BB2FD68-FB6A-4573-9FF3-1FA48E00360B}.Debug|Any CPU.ActiveCfg = Debug|Any CPU
		{6BB2FD68-FB6A-4573-9FF3-1FA48E00360B}.Debug|Any CPU.Build.0 = Debug|Any CPU
		{6BB2FD68-FB6A-4573-9FF3-1FA48E00360B}.Release|Any CPU.ActiveCfg = Release|Any CPU
		{6BB2FD68-FB6A-4573-9FF3-1FA48E00360B}.Release|Any CPU.Build.0 = Release|Any CPU
		{E7321541-17A4-4F5E-86F1-BA64739E4BCF}.Debug|Any CPU.ActiveCfg = Debug|Any CPU
		{E7321541-17A4-4F5E-86F1-BA64739E4BCF}.Debug|Any CPU.Build.0 = Debug|Any CPU
		{E7321541-17A4-4F5E-86F1-BA64739E4BCF}.Release|Any CPU.ActiveCfg = Release|Any CPU
		{E7321541-17A4-4F5E-86F1-BA64739E4BCF}.Release|Any CPU.Build.0 = Release|Any CPU
		{C8D584DA-CB0A-477D-BE64-4C009FC5AFBD}.Debug|Any CPU.ActiveCfg = Debug|Any CPU
		{C8D584DA-CB0A-477D-BE64-4C009FC5AFBD}.Debug|Any CPU.Build.0 = Debug|Any CPU
		{C8D584DA-CB0A-477D-BE64-4C009FC5AFBD}.Release|Any CPU.ActiveCfg = Release|Any CPU
		{C8D584DA-CB0A-477D-BE64-4C009FC5AFBD}.Release|Any CPU.Build.0 = Release|Any CPU
		{9803AEF6-3855-4096-966D-EE0A3885BD2F}.Debug|Any CPU.ActiveCfg = Debug|Any CPU
		{9803AEF6-3855-4096-966D-EE0A3885BD2F}.Debug|Any CPU.Build.0 = Debug|Any CPU
		{9803AEF6-3855-4096-966D-EE0A3885BD2F}.Release|Any CPU.ActiveCfg = Release|Any CPU
		{9803AEF6-3855-4096-966D-EE0A3885BD2F}.Release|Any CPU.Build.0 = Release|Any CPU
		{E1EC995F-1068-46EE-B886-0F69032ED3BA}.Debug|Any CPU.ActiveCfg = Debug|Any CPU
		{E1EC995F-1068-46EE-B886-0F69032ED3BA}.Debug|Any CPU.Build.0 = Debug|Any CPU
		{E1EC995F-1068-46EE-B886-0F69032ED3BA}.Release|Any CPU.ActiveCfg = Release|Any CPU
		{E1EC995F-1068-46EE-B886-0F69032ED3BA}.Release|Any CPU.Build.0 = Release|Any CPU
		{DD2F38B0-A13D-4F9E-B5F8-66D2527FC87D}.Debug|Any CPU.ActiveCfg = Debug|Any CPU
		{DD2F38B0-A13D-4F9E-B5F8-66D2527FC87D}.Debug|Any CPU.Build.0 = Debug|Any CPU
		{DD2F38B0-A13D-4F9E-B5F8-66D2527FC87D}.Release|Any CPU.ActiveCfg = Release|Any CPU
		{DD2F38B0-A13D-4F9E-B5F8-66D2527FC87D}.Release|Any CPU.Build.0 = Release|Any CPU
		{9F1B487A-C523-447A-B443-80B8111ADD0D}.Debug|Any CPU.ActiveCfg = Debug|Any CPU
		{9F1B487A-C523-447A-B443-80B8111ADD0D}.Debug|Any CPU.Build.0 = Debug|Any CPU
		{9F1B487A-C523-447A-B443-80B8111ADD0D}.Release|Any CPU.ActiveCfg = Release|Any CPU
		{9F1B487A-C523-447A-B443-80B8111ADD0D}.Release|Any CPU.Build.0 = Release|Any CPU
		{106D6E0F-2423-4CDE-AAE2-E9554D2440DA}.Debug|Any CPU.ActiveCfg = Debug|Any CPU
		{106D6E0F-2423-4CDE-AAE2-E9554D2440DA}.Debug|Any CPU.Build.0 = Debug|Any CPU
		{106D6E0F-2423-4CDE-AAE2-E9554D2440DA}.Release|Any CPU.ActiveCfg = Release|Any CPU
		{106D6E0F-2423-4CDE-AAE2-E9554D2440DA}.Release|Any CPU.Build.0 = Release|Any CPU
		{7A8CB6F6-B47E-4824-9081-29E369585865}.Debug|Any CPU.ActiveCfg = Debug|Any CPU
		{7A8CB6F6-B47E-4824-9081-29E369585865}.Debug|Any CPU.Build.0 = Debug|Any CPU
		{7A8CB6F6-B47E-4824-9081-29E369585865}.Release|Any CPU.ActiveCfg = Release|Any CPU
		{7A8CB6F6-B47E-4824-9081-29E369585865}.Release|Any CPU.Build.0 = Release|Any CPU
		{0A860315-2A75-435B-9308-685BDEE6AC6A}.Debug|Any CPU.ActiveCfg = Debug|Any CPU
		{0A860315-2A75-435B-9308-685BDEE6AC6A}.Debug|Any CPU.Build.0 = Debug|Any CPU
		{0A860315-2A75-435B-9308-685BDEE6AC6A}.Release|Any CPU.ActiveCfg = Release|Any CPU
		{0A860315-2A75-435B-9308-685BDEE6AC6A}.Release|Any CPU.Build.0 = Release|Any CPU
		{A409123F-31B6-465E-BB38-FCC4053F2137}.Debug|Any CPU.ActiveCfg = Debug|Any CPU
		{A409123F-31B6-465E-BB38-FCC4053F2137}.Debug|Any CPU.Build.0 = Debug|Any CPU
		{A409123F-31B6-465E-BB38-FCC4053F2137}.Release|Any CPU.ActiveCfg = Release|Any CPU
		{A409123F-31B6-465E-BB38-FCC4053F2137}.Release|Any CPU.Build.0 = Release|Any CPU
		{FFBEA142-385A-4036-828F-41D34E6E9A08}.Debug|Any CPU.ActiveCfg = Debug|Any CPU
		{FFBEA142-385A-4036-828F-41D34E6E9A08}.Debug|Any CPU.Build.0 = Debug|Any CPU
		{FFBEA142-385A-4036-828F-41D34E6E9A08}.Release|Any CPU.ActiveCfg = Release|Any CPU
		{FFBEA142-385A-4036-828F-41D34E6E9A08}.Release|Any CPU.Build.0 = Release|Any CPU
		{C168310D-D90F-4D41-A9BF-22075EA7ED13}.Debug|Any CPU.ActiveCfg = Debug|Any CPU
		{C168310D-D90F-4D41-A9BF-22075EA7ED13}.Debug|Any CPU.Build.0 = Debug|Any CPU
		{C168310D-D90F-4D41-A9BF-22075EA7ED13}.Release|Any CPU.ActiveCfg = Release|Any CPU
		{C168310D-D90F-4D41-A9BF-22075EA7ED13}.Release|Any CPU.Build.0 = Release|Any CPU
		{74E8F0CD-9EFC-43FE-95F3-2D960587F3F2}.Debug|Any CPU.ActiveCfg = Debug|Any CPU
		{74E8F0CD-9EFC-43FE-95F3-2D960587F3F2}.Debug|Any CPU.Build.0 = Debug|Any CPU
		{74E8F0CD-9EFC-43FE-95F3-2D960587F3F2}.Release|Any CPU.ActiveCfg = Release|Any CPU
		{74E8F0CD-9EFC-43FE-95F3-2D960587F3F2}.Release|Any CPU.Build.0 = Release|Any CPU
		{A3A92BD4-4485-42E2-9D58-EB51E872A1DB}.Debug|Any CPU.ActiveCfg = Debug|Any CPU
		{A3A92BD4-4485-42E2-9D58-EB51E872A1DB}.Debug|Any CPU.Build.0 = Debug|Any CPU
		{A3A92BD4-4485-42E2-9D58-EB51E872A1DB}.Release|Any CPU.ActiveCfg = Release|Any CPU
		{A3A92BD4-4485-42E2-9D58-EB51E872A1DB}.Release|Any CPU.Build.0 = Release|Any CPU
	EndGlobalSection
	GlobalSection(SolutionProperties) = preSolution
		HideSolutionNode = FALSE
	EndGlobalSection
	GlobalSection(NestedProjects) = preSolution
		{6BB2FD68-FB6A-4573-9FF3-1FA48E00360B} = {46EEABBC-A2F7-41A2-B48E-C98231972D6D}
		{E7321541-17A4-4F5E-86F1-BA64739E4BCF} = {46EEABBC-A2F7-41A2-B48E-C98231972D6D}
		{C8D584DA-CB0A-477D-BE64-4C009FC5AFBD} = {46EEABBC-A2F7-41A2-B48E-C98231972D6D}
		{9803AEF6-3855-4096-966D-EE0A3885BD2F} = {46EEABBC-A2F7-41A2-B48E-C98231972D6D}
		{E1EC995F-1068-46EE-B886-0F69032ED3BA} = {46EEABBC-A2F7-41A2-B48E-C98231972D6D}
		{DD2F38B0-A13D-4F9E-B5F8-66D2527FC87D} = {46EEABBC-A2F7-41A2-B48E-C98231972D6D}
		{9F1B487A-C523-447A-B443-80B8111ADD0D} = {46EEABBC-A2F7-41A2-B48E-C98231972D6D}
		{106D6E0F-2423-4CDE-AAE2-E9554D2440DA} = {46EEABBC-A2F7-41A2-B48E-C98231972D6D}
		{7A8CB6F6-B47E-4824-9081-29E369585865} = {46EEABBC-A2F7-41A2-B48E-C98231972D6D}
		{0A860315-2A75-435B-9308-685BDEE6AC6A} = {46EEABBC-A2F7-41A2-B48E-C98231972D6D}
		{A409123F-31B6-465E-BB38-FCC4053F2137} = {46EEABBC-A2F7-41A2-B48E-C98231972D6D}
		{FFBEA142-385A-4036-828F-41D34E6E9A08} = {46EEABBC-A2F7-41A2-B48E-C98231972D6D}
		{C168310D-D90F-4D41-A9BF-22075EA7ED13} = {46EEABBC-A2F7-41A2-B48E-C98231972D6D}
		{74E8F0CD-9EFC-43FE-95F3-2D960587F3F2} = {46EEABBC-A2F7-41A2-B48E-C98231972D6D}
		{A3A92BD4-4485-42E2-9D58-EB51E872A1DB} = {46EEABBC-A2F7-41A2-B48E-C98231972D6D}
	EndGlobalSection
	GlobalSection(ExtensibilityGlobals) = postSolution
		SolutionGuid = {53BD87AA-5BB1-46FF-B511-D4AB3304C02A}
	EndGlobalSection
EndGlobal
